
Microsoft Visual Studio Solution File, Format Version 12.00
# Visual Studio Version 16
VisualStudioVersion = 16.0.29411.108
MinimumVisualStudioVersion = 10.0.40219.1
Project("{F184B08F-C81C-45F6-A57F-5ABD9991F28F}") = "Paint Program", "Paint Program\Paint Program.vbproj", "{17408A09-7FD5-4AEC-981D-213F768C70D9}"
EndProject
Global
	GlobalSection(SolutionConfigurationPlatforms) = preSolution
		Debug|Any CPU = Debug|Any CPU
		Release|Any CPU = Release|Any CPU
	EndGlobalSection
	GlobalSection(ProjectConfigurationPlatforms) = postSolution
		{17408A09-7FD5-4AEC-981D-213F768C70D9}.Debug|Any CPU.ActiveCfg = Debug|Any CPU
		{17408A09-7FD5-4AEC-981D-213F768C70D9}.Debug|Any CPU.Build.0 = Debug|Any CPU
		{17408A09-7FD5-4AEC-981D-213F768C70D9}.Release|Any CPU.ActiveCfg = Release|Any CPU
		{17408A09-7FD5-4AEC-981D-213F768C70D9}.Release|Any CPU.Build.0 = Release|Any CPU
	EndGlobalSection
	GlobalSection(SolutionProperties) = preSolution
		HideSolutionNode = FALSE
	EndGlobalSection
	GlobalSection(ExtensibilityGlobals) = postSolution
		SolutionGuid = {42D6F391-7E23-4E42-9CEB-085DF2CB8615}
	EndGlobalSection
EndGlobal
